
Microsoft Visual Studio Solution File, Format Version 12.00
# Visual Studio Version 16
VisualStudioVersion = 16.0.28803.156
MinimumVisualStudioVersion = 10.0.40219.1
Project("{FAE04EC0-301F-11D3-BF4B-00C04F79EFBC}") = "BarCodes", "BarCodes\BarCodes.csproj", "{658C7F8A-3AC8-4146-A53C-B754F372BF4B}"
EndProject
Global
	GlobalSection(SolutionConfigurationPlatforms) = preSolution
		Debug|Any CPU = Debug|Any CPU
		Release|Any CPU = Release|Any CPU
	EndGlobalSection
	GlobalSection(ProjectConfigurationPlatforms) = postSolution
		{658C7F8A-3AC8-4146-A53C-B754F372BF4B}.Debug|Any CPU.ActiveCfg = Debug|Any CPU
		{658C7F8A-3AC8-4146-A53C-B754F372BF4B}.Debug|Any CPU.Build.0 = Debug|Any CPU
		{658C7F8A-3AC8-4146-A53C-B754F372BF4B}.Release|Any CPU.ActiveCfg = Release|Any CPU
		{658C7F8A-3AC8-4146-A53C-B754F372BF4B}.Release|Any CPU.Build.0 = Release|Any CPU
	EndGlobalSection
	GlobalSection(SolutionProperties) = preSolution
		HideSolutionNode = FALSE
	EndGlobalSection
	GlobalSection(ExtensibilityGlobals) = postSolution
		SolutionGuid = {392BE66E-9ABE-4225-8F00-44C7A86DD35B}
	EndGlobalSection
EndGlobal
